
Microsoft Visual Studio Solution File, Format Version 12.00
# Visual Studio Version 17
VisualStudioVersion = 17.7.34202.233
MinimumVisualStudioVersion = 10.0.40219.1
Project("{FAE04EC0-301F-11D3-BF4B-00C04F79EFBC}") = "Bank", "Bank.csproj", "{95AF9372-865F-4C4D-8F8A-5C997AF93FF4}"
EndProject
Project("{FAE04EC0-301F-11D3-BF4B-00C04F79EFBC}") = "BankTests", "..\BankTests\BankTests.csproj", "{157FC03F-02AC-44DF-BE03-C7729607F88A}"
EndProject
Global
	GlobalSection(SolutionConfigurationPlatforms) = preSolution
		Debug|Any CPU = Debug|Any CPU
		Release|Any CPU = Release|Any CPU
	EndGlobalSection
	GlobalSection(ProjectConfigurationPlatforms) = postSolution
		{95AF9372-865F-4C4D-8F8A-5C997AF93FF4}.Debug|Any CPU.ActiveCfg = Debug|Any CPU
		{95AF9372-865F-4C4D-8F8A-5C997AF93FF4}.Debug|Any CPU.Build.0 = Debug|Any CPU
		{95AF9372-865F-4C4D-8F8A-5C997AF93FF4}.Release|Any CPU.ActiveCfg = Release|Any CPU
		{95AF9372-865F-4C4D-8F8A-5C997AF93FF4}.Release|Any CPU.Build.0 = Release|Any CPU
		{157FC03F-02AC-44DF-BE03-C7729607F88A}.Debug|Any CPU.ActiveCfg = Debug|Any CPU
		{157FC03F-02AC-44DF-BE03-C7729607F88A}.Debug|Any CPU.Build.0 = Debug|Any CPU
		{157FC03F-02AC-44DF-BE03-C7729607F88A}.Release|Any CPU.ActiveCfg = Release|Any CPU
		{157FC03F-02AC-44DF-BE03-C7729607F88A}.Release|Any CPU.Build.0 = Release|Any CPU
	EndGlobalSection
	GlobalSection(SolutionProperties) = preSolution
		HideSolutionNode = FALSE
	EndGlobalSection
	GlobalSection(ExtensibilityGlobals) = postSolution
		SolutionGuid = {3649C36B-3EF6-4D6F-A9DA-0CD1192B28DA}
	EndGlobalSection
EndGlobal
